
Microsoft Visual Studio Solution File, Format Version 12.00
# Visual Studio 15
VisualStudioVersion = 15.0.27428.2037
MinimumVisualStudioVersion = 10.0.40219.1
Project("{FAE04EC0-301F-11D3-BF4B-00C04F79EFBC}") = "FlipFlop", "FlipFlop\FlipFlop.csproj", "{2A3A508F-27A6-4A25-B2E9-7FD2B9AD315D}"
EndProject
Global
	GlobalSection(SolutionConfigurationPlatforms) = preSolution
		Debug|Any CPU = Debug|Any CPU
		Release|Any CPU = Release|Any CPU
	EndGlobalSection
	GlobalSection(ProjectConfigurationPlatforms) = postSolution
		{2A3A508F-27A6-4A25-B2E9-7FD2B9AD315D}.Debug|Any CPU.ActiveCfg = Debug|Any CPU
		{2A3A508F-27A6-4A25-B2E9-7FD2B9AD315D}.Debug|Any CPU.Build.0 = Debug|Any CPU
		{2A3A508F-27A6-4A25-B2E9-7FD2B9AD315D}.Release|Any CPU.ActiveCfg = Release|Any CPU
		{2A3A508F-27A6-4A25-B2E9-7FD2B9AD315D}.Release|Any CPU.Build.0 = Release|Any CPU
	EndGlobalSection
	GlobalSection(SolutionProperties) = preSolution
		HideSolutionNode = FALSE
	EndGlobalSection
	GlobalSection(ExtensibilityGlobals) = postSolution
		SolutionGuid = {C168B54A-2234-465D-AD6C-76428599CDF2}
	EndGlobalSection
EndGlobal
